
Microsoft Visual Studio Solution File, Format Version 12.00
# Visual Studio 15
VisualStudioVersion = 15.0.28307.757
MinimumVisualStudioVersion = 10.0.40219.1
Project("{FAE04EC0-301F-11D3-BF4B-00C04F79EFBC}") = "HostelManagementSystem", "HostelManagementSystem\HostelManagementSystem.csproj", "{754C98A3-F634-4199-8BCB-AF8E5EA01EBD}"
EndProject
Global
	GlobalSection(SolutionConfigurationPlatforms) = preSolution
		Debug|Any CPU = Debug|Any CPU
		Release|Any CPU = Release|Any CPU
	EndGlobalSection
	GlobalSection(ProjectConfigurationPlatforms) = postSolution
		{754C98A3-F634-4199-8BCB-AF8E5EA01EBD}.Debug|Any CPU.ActiveCfg = Debug|Any CPU
		{754C98A3-F634-4199-8BCB-AF8E5EA01EBD}.Debug|Any CPU.Build.0 = Debug|Any CPU
		{754C98A3-F634-4199-8BCB-AF8E5EA01EBD}.Release|Any CPU.ActiveCfg = Release|Any CPU
		{754C98A3-F634-4199-8BCB-AF8E5EA01EBD}.Release|Any CPU.Build.0 = Release|Any CPU
	EndGlobalSection
	GlobalSection(SolutionProperties) = preSolution
		HideSolutionNode = FALSE
	EndGlobalSection
	GlobalSection(ExtensibilityGlobals) = postSolution
		SolutionGuid = {F4120BE5-979F-4384-8FF5-99DEBA1EB94F}
	EndGlobalSection
EndGlobal
